# This file is generated by running "yarn install" inside your project.
# Manual changes might be lost - proceed with caution!

__metadata:
  version: 6
  cacheKey: 8

"@ant-design/colors@npm:^7.0.0":
  version: 7.0.0
  resolution: "@ant-design/colors@npm:7.0.0"
  dependencies:
    "@ctrl/tinycolor": ^3.4.0
  checksum: 419e98d9cb823ff0935024f4278f7b9c5896805dce4c93d667b5a4d76b03f5fa969b32d1998ee761113da43063e2b23a94c330ad6e865f03fbbb2579907e7fdb
  languageName: node
  linkType: hard

"@ant-design/cssinjs@npm:^1.5.6":
  version: 1.6.1
  resolution: "@ant-design/cssinjs@npm:1.6.1"
  dependencies:
    "@babel/runtime": ^7.11.1
    "@emotion/hash": ^0.8.0
    "@emotion/unitless": ^0.7.5
    classnames: ^2.3.1
    csstype: ^3.0.10
    rc-util: ^5.27.0
    stylis: ^4.0.13
  peerDependencies:
    react: ">=16.0.0"
    react-dom: ">=16.0.0"
  checksum: 0e702668610ca8a0b35725f14403cc3482bfc5a1ff9c39c57732625ea828d5071551860cd6ad00ca5a1e36e1c5f158426602f38c443c9945a9590194c9cd882a
  languageName: node
  linkType: hard

"@ant-design/icons-svg@npm:^4.2.1":
  version: 4.2.1
  resolution: "@ant-design/icons-svg@npm:4.2.1"
  checksum: c1fa1bbeb0c58209e2c5d49ce001543823ae2d8326e1c7aafb992deac7aaa901a44f9a16151ad919d2628dbe3d783b325ed2b9440436002225801332323296d4
  languageName: node
  linkType: hard

"@ant-design/icons@npm:^5.0.0":
  version: 5.0.1
  resolution: "@ant-design/icons@npm:5.0.1"
  dependencies:
    "@ant-design/colors": ^7.0.0
    "@ant-design/icons-svg": ^4.2.1
    "@babel/runtime": ^7.11.2
    classnames: ^2.2.6
    rc-util: ^5.9.4
  peerDependencies:
    react: ">=16.0.0"
    react-dom: ">=16.0.0"
  checksum: 426371e3a2d5d571a2df18229512ea5951ea71b97f1fa3a3a4dc2feda58498c70da7025c6e3ffcf0ae2dab0fb496d117f8962222f17d95dc58498850d9a21566
  languageName: node
  linkType: hard

"@ant-design/react-slick@npm:~1.0.0":
  version: 1.0.0
  resolution: "@ant-design/react-slick@npm:1.0.0"
  dependencies:
    "@babel/runtime": ^7.10.4
    classnames: ^2.2.5
    json2mq: ^0.2.0
    resize-observer-polyfill: ^1.5.1
    throttle-debounce: ^5.0.0
  peerDependencies:
    react: ">=16.9.0"
  checksum: ec9fe42bdcbca7091c156b256b723567621540ff0ad188a672123437d452e1949a4e3f63ed9fa19067a211af5110d8cea8cadba85df9fef264f8785514bac06a
  languageName: node
  linkType: hard

"@babel/runtime@npm:^7.10.1, @babel/runtime@npm:^7.10.4, @babel/runtime@npm:^7.11.1, @babel/runtime@npm:^7.11.2, @babel/runtime@npm:^7.12.5, @babel/runtime@npm:^7.16.7, @babel/runtime@npm:^7.18.0, @babel/runtime@npm:^7.18.3, @babel/runtime@npm:^7.20.0, @babel/runtime@npm:^7.20.7":
  version: 7.21.0
  resolution: "@babel/runtime@npm:7.21.0"
  dependencies:
    regenerator-runtime: ^0.13.11
  checksum: 7b33e25bfa9e0e1b9e8828bb61b2d32bdd46b41b07ba7cb43319ad08efc6fda8eb89445193e67d6541814627df0ca59122c0ea795e412b99c5183a0540d338ab
  languageName: node
  linkType: hard

"@ctrl/tinycolor@npm:^3.4.0, @ctrl/tinycolor@npm:^3.6.0":
  version: 3.6.0
  resolution: "@ctrl/tinycolor@npm:3.6.0"
  checksum: 4d1e481b4d7f9bb23d21b5436726034d37c2a1bc751b5169ef29ead0237e96443dbccbcfa887e20c3a65ba1b5e270063bb21b4034eac97561b980cbbd5e92a16
  languageName: node
  linkType: hard

"@emotion/hash@npm:^0.8.0":
  version: 0.8.0
  resolution: "@emotion/hash@npm:0.8.0"
  checksum: 4b35d88a97e67275c1d990c96d3b0450451d089d1508619488fc0acb882cb1ac91e93246d471346ebd1b5402215941ef4162efe5b51534859b39d8b3a0e3ffaa
  languageName: node
  linkType: hard

"@emotion/unitless@npm:^0.7.5":
  version: 0.7.5
  resolution: "@emotion/unitless@npm:0.7.5"
  checksum: f976e5345b53fae9414a7b2e7a949aa6b52f8bdbcc84458b1ddc0729e77ba1d1dfdff9960e0da60183877873d3a631fa24d9695dd714ed94bcd3ba5196586a6b
  languageName: node
  linkType: hard

"@rc-component/context@npm:^1.3.0":
  version: 1.3.0
  resolution: "@rc-component/context@npm:1.3.0"
  dependencies:
    "@babel/runtime": ^7.10.1
    rc-util: ^5.27.0
  peerDependencies:
    react: ">=16.9.0"
    react-dom: ">=16.9.0"
  checksum: 77cdd49a2dfde3b2d82ff8652581eddeceefb53c0f3f31b9ed6b09356291821d4e16e915c07a1e15a38ceb6087fb92e7c2cb8ddb26d304fafd96c8571c9136ce
  languageName: node
  linkType: hard

"@rc-component/mini-decimal@npm:^1.0.1":
  version: 1.0.1
  resolution: "@rc-component/mini-decimal@npm:1.0.1"
  dependencies:
    "@babel/runtime": ^7.18.0
  checksum: 2fd3f3d9c404f679461fa52372b71b1131ecad6b2a34d6b5be07b04475ed22428ffc7dac599a28734b349f7b1c5b714cf879e9c005a89430016c6d83899ff1e9
  languageName: node
  linkType: hard

"@rc-component/mutate-observer@npm:^1.0.0":
  version: 1.0.0
  resolution: "@rc-component/mutate-observer@npm:1.0.0"
  dependencies:
    "@babel/runtime": ^7.18.0
    classnames: ^2.3.2
    rc-util: ^5.24.4
  peerDependencies:
    react: ">=16.9.0"
    react-dom: ">=16.9.0"
  checksum: fd6d9581882cca35582e399bf5585e237748fc8240a2d76549ed003ea17fdf7ca97609cb6c8113c2836e9d3182fceda2c1469620560168eeb66fc95656f495e7
  languageName: node
  linkType: hard

"@rc-component/portal@npm:^1.0.0-6, @rc-component/portal@npm:^1.0.0-8, @rc-component/portal@npm:^1.0.0-9, @rc-component/portal@npm:^1.0.2, @rc-component/portal@npm:^1.1.0":
  version: 1.1.0
  resolution: "@rc-component/portal@npm:1.1.0"
  dependencies:
    "@babel/runtime": ^7.18.0
    classnames: ^2.3.2
    rc-util: ^5.24.4
  peerDependencies:
    react: ">=16.9.0"
    react-dom: ">=16.9.0"
  checksum: 63abd3f003e871d38e15353e4eb53b1a35b2ee3f5cebe45152b5172f4671553e8ad754d071d7f59d03864f2341f0363c696eee20c0e519653d24b848a6ea1a89
  languageName: node
  linkType: hard

"@rc-component/tour@npm:~1.8.0":
  version: 1.8.0
  resolution: "@rc-component/tour@npm:1.8.0"
  dependencies:
    "@babel/runtime": ^7.18.0
    "@rc-component/portal": ^1.0.0-9
    "@rc-component/trigger": ^1.3.6
    classnames: ^2.3.2
    rc-util: ^5.24.4
  peerDependencies:
    react: ">=16.9.0"
    react-dom: ">=16.9.0"
  checksum: 58fa0e23b84e581298c0d4f5e0ac3a30eddb6c101a9d3405a3189a20c787254b7f416ecff0e383ffded554ad93f8f732052623c6eaf59f5270f51bd0c4782058
  languageName: node
  linkType: hard

"@rc-component/trigger@npm:^1.0.4, @rc-component/trigger@npm:^1.3.6, @rc-component/trigger@npm:^1.4.0, @rc-component/trigger@npm:^1.5.0":
  version: 1.5.1
  resolution: "@rc-component/trigger@npm:1.5.1"
  dependencies:
    "@babel/runtime": ^7.18.3
    "@rc-component/portal": ^1.1.0
    classnames: ^2.3.2
    rc-align: ^4.0.0
    rc-motion: ^2.0.0
    rc-resize-observer: ^1.3.1
    rc-util: ^5.27.1
  peerDependencies:
    react: ">=16.9.0"
    react-dom: ">=16.9.0"
  checksum: 3007d383f48db11d01f4894f760d6d8ec37cb32af5582c4b8b68be7835d2aaacfcaba6c1d8d92afb3803bf42f618562e387385267c1142bfb911c3ebac0f01f5
  languageName: node
  linkType: hard

"antd@npm:^5.3.0":
  version: 5.3.0
  resolution: "antd@npm:5.3.0"
  dependencies:
    "@ant-design/colors": ^7.0.0
    "@ant-design/cssinjs": ^1.5.6
    "@ant-design/icons": ^5.0.0
    "@ant-design/react-slick": ~1.0.0
    "@babel/runtime": ^7.18.3
    "@ctrl/tinycolor": ^3.6.0
    "@rc-component/mutate-observer": ^1.0.0
    "@rc-component/tour": ~1.8.0
    "@rc-component/trigger": ^1.5.0
    classnames: ^2.2.6
    copy-to-clipboard: ^3.2.0
    dayjs: ^1.11.1
    qrcode.react: ^3.1.0
    rc-cascader: ~3.9.0
    rc-checkbox: ~2.3.0
    rc-collapse: ~3.5.2
    rc-dialog: ~9.0.2
    rc-drawer: ~6.1.1
    rc-dropdown: ~4.0.0
    rc-field-form: ~1.27.0
    rc-image: ~5.15.2
    rc-input: ~0.2.1
    rc-input-number: ~7.4.0
    rc-mentions: ~2.0.0
    rc-menu: ~9.8.2
    rc-motion: ^2.6.1
    rc-notification: ~5.0.0
    rc-pagination: ~3.2.0
    rc-picker: ~3.2.4
    rc-progress: ~3.4.1
    rc-rate: ~2.9.0
    rc-resize-observer: ^1.2.0
    rc-segmented: ~2.1.2
    rc-select: ~14.3.0
    rc-slider: ~10.1.0
    rc-steps: ~6.0.0
    rc-switch: ~4.0.0
    rc-table: ~7.31.0
    rc-tabs: ~12.5.6
    rc-textarea: ~1.0.0
    rc-tooltip: ~6.0.0
    rc-tree: ~5.7.0
    rc-tree-select: ~5.7.0
    rc-trigger: ^5.3.4
    rc-upload: ~4.3.0
    rc-util: ^5.27.0
    scroll-into-view-if-needed: ^3.0.3
    throttle-debounce: ^5.0.0
  peerDependencies:
    react: ">=16.9.0"
    react-dom: ">=16.9.0"
  checksum: 14569a38f1ddbb2c2180c5d6cdf5876bb7d12150c7929e2e2a26426071706dcbe265d971acb1a121fae8c4030f9538ede22f96be8c19e25816ca099cd279b4c6
  languageName: node
  linkType: hard

"array-tree-filter@npm:^2.1.0":
  version: 2.1.0
  resolution: "array-tree-filter@npm:2.1.0"
  checksum: ca65dbeb80777eadadfcd4dbd2658d9eb0be66e426a6b6d64f1a71dff5351f2e6f370e0cbcc418e9e6e01d06b337b128441a71c7143abe4d925d027d5aa0100f
  languageName: node
  linkType: hard

"async-validator@npm:^4.1.0":
  version: 4.2.5
  resolution: "async-validator@npm:4.2.5"
  checksum: 3e3d891a2e21497c8a646afeb7b1e6ed5f98de5f58ce3600732080f327cb581e65d8d8ff184273f1461dc84105d49f5cf31422a67ce50e787967c306838b6f40
  languageName: node
  linkType: hard

"bootstrap@npm:^5.2.3":
  version: 5.2.3
  resolution: "bootstrap@npm:5.2.3"
  peerDependencies:
    "@popperjs/core": ^2.11.6
  checksum: 0211805dec6a190c0911d142966df30fdb4b4139a04cc6c23dd83c6045ea3cb0a966b360ab2e701e7b3ad96ff01e05fdc0914be97b41bd876b11e457a8bdc6a3
  languageName: node
  linkType: hard

"classnames@npm:2.x, classnames@npm:^2.2.1, classnames@npm:^2.2.3, classnames@npm:^2.2.5, classnames@npm:^2.2.6, classnames@npm:^2.3.1, classnames@npm:^2.3.2":
  version: 2.3.2
  resolution: "classnames@npm:2.3.2"
  checksum: 2c62199789618d95545c872787137262e741f9db13328e216b093eea91c85ef2bfb152c1f9e63027204e2559a006a92eb74147d46c800a9f96297ae1d9f96f4e
  languageName: node
  linkType: hard

"compute-scroll-into-view@npm:^3.0.0":
  version: 3.0.0
  resolution: "compute-scroll-into-view@npm:3.0.0"
  checksum: 06965595510d3190bfb58705cf74bacc0b6fea8021f56a6477ad134fadcd1971d2083a714c6e3c99f545cc72614d60a9a97d774ea81a37ad302efddc849d372c
  languageName: node
  linkType: hard

"copy-to-clipboard@npm:^3.2.0":
  version: 3.3.3
  resolution: "copy-to-clipboard@npm:3.3.3"
  dependencies:
    toggle-selection: ^1.0.6
  checksum: e0a325e39b7615108e6c1c8ac110ae7b829cdc4ee3278b1df6a0e4228c490442cc86444cd643e2da344fbc424b3aab8909e2fec82f8bc75e7e5b190b7c24eecf
  languageName: node
  linkType: hard

"csstype@npm:^3.0.10":
  version: 3.1.1
  resolution: "csstype@npm:3.1.1"
  checksum: 1f7b4f5fdd955b7444b18ebdddf3f5c699159f13e9cf8ac9027ae4a60ae226aef9bbb14a6e12ca7dba3358b007cee6354b116e720262867c398de6c955ea451d
  languageName: node
  linkType: hard

"dayjs@npm:^1.11.1":
  version: 1.11.7
  resolution: "dayjs@npm:1.11.7"
  checksum: 5003a7c1dd9ed51385beb658231c3548700b82d3548c0cfbe549d85f2d08e90e972510282b7506941452c58d32136d6362f009c77ca55381a09c704e9f177ebb
  languageName: node
  linkType: hard

"dom-align@npm:^1.7.0":
  version: 1.12.4
  resolution: "dom-align@npm:1.12.4"
  checksum: ff5cfdb6e9c9e03e6d67a61b4633f25845f2385f67b1bd84a28aa2cb2c6b58eea53fde347b0d2439f0ba49cd6b80a7463f98569731cb14ec2542ecdeef19d165
  languageName: node
  linkType: hard

"js-tokens@npm:^3.0.0 || ^4.0.0":
  version: 4.0.0
  resolution: "js-tokens@npm:4.0.0"
  checksum: 8a95213a5a77deb6cbe94d86340e8d9ace2b93bc367790b260101d2f36a2eaf4e4e22d9fa9cf459b38af3a32fb4190e638024cf82ec95ef708680e405ea7cc78
  languageName: node
  linkType: hard

"json2mq@npm:^0.2.0":
  version: 0.2.0
  resolution: "json2mq@npm:0.2.0"
  dependencies:
    string-convert: ^0.2.0
  checksum: 5672c3abdd31e21a0e2f0c2688b4948103687dab949a1c5a1cba98667e899a96c2c7e3d71763c4f5e7cd7d7c379ea5dd5e1a9b2a2107dd1dfa740719a11aa272
  languageName: node
  linkType: hard

"loose-envify@npm:^1.1.0":
  version: 1.4.0
  resolution: "loose-envify@npm:1.4.0"
  dependencies:
    js-tokens: ^3.0.0 || ^4.0.0
  bin:
    loose-envify: cli.js
  checksum: 6517e24e0cad87ec9888f500c5b5947032cdfe6ef65e1c1936a0c48a524b81e65542c9c3edc91c97d5bddc806ee2a985dbc79be89215d613b1de5db6d1cfe6f4
  languageName: node
  linkType: hard

"qrcode.react@npm:^3.1.0":
  version: 3.1.0
  resolution: "qrcode.react@npm:3.1.0"
  peerDependencies:
    react: ^16.8.0 || ^17.0.0 || ^18.0.0
  checksum: 94a2942ecf83f461d869adb20305ae663c6d1abe93ef2c72442b07d756ce70cf6deb6fd588dc5b382b48c6991cfde1dfd5ac9b814c1461e71d5edb2d945e67fc
  languageName: node
  linkType: hard

"rc-align@npm:^4.0.0":
  version: 4.0.15
  resolution: "rc-align@npm:4.0.15"
  dependencies:
    "@babel/runtime": ^7.10.1
    classnames: 2.x
    dom-align: ^1.7.0
    rc-util: ^5.26.0
    resize-observer-polyfill: ^1.5.1
  peerDependencies:
    react: ">=16.9.0"
    react-dom: ">=16.9.0"
  checksum: dfb7d3bfaa8d4b9ead4dbd8d84d4033fbd7a3f2232e7797ab1f86545c043cbe3952575fcfa63361045e2d1fa3a07c54545e442d60b08e753f4d581dcd5da186e
  languageName: node
  linkType: hard

"rc-cascader@npm:~3.9.0":
  version: 3.9.1
  resolution: "rc-cascader@npm:3.9.1"
  dependencies:
    "@babel/runtime": ^7.12.5
    array-tree-filter: ^2.1.0
    classnames: ^2.3.1
    rc-select: ~14.3.0
    rc-tree: ~5.7.0
    rc-util: ^5.6.1
  peerDependencies:
    react: ">=16.9.0"
    react-dom: ">=16.9.0"
  checksum: 0b968e1d14b23792996617d48196cd2bfecfee6571ad0153f9d6dc003d1294ae571ed8ec7d82b915b651b405297bb01bb34ed643d4f3962b697ec5d8a2b87b92
  languageName: node
  linkType: hard

"rc-checkbox@npm:~2.3.0":
  version: 2.3.2
  resolution: "rc-checkbox@npm:2.3.2"
  dependencies:
    "@babel/runtime": ^7.10.1
    classnames: ^2.2.1
  peerDependencies:
    react: ">=16.9.0"
    react-dom: ">=16.9.0"
  checksum: 023e479d2f95ab64e963f8437da4da2f8b0d750c10d601fd3407ef4f1ac0f8fcba1148b305f9a51dee052770f927ff00440bbcce09f6b0b585e38ba2c49a7ac6
  languageName: node
  linkType: hard

"rc-collapse@npm:~3.5.2":
  version: 3.5.2
  resolution: "rc-collapse@npm:3.5.2"
  dependencies:
    "@babel/runtime": ^7.10.1
    classnames: 2.x
    rc-motion: ^2.3.4
    rc-util: ^5.27.0
  peerDependencies:
    react: ">=16.9.0"
    react-dom: ">=16.9.0"
  checksum: 38a47d96c09520f11ab324a390f0be6c8e73bb169f8c636c71f88a8d66a70a1a1a12fbc7c754c2ffc973b0bec90d223dfaf637ef474da0a4c9c63fa05d8cc71d
  languageName: node
  linkType: hard

"rc-dialog@npm:~9.0.0, rc-dialog@npm:~9.0.2":
  version: 9.0.2
  resolution: "rc-dialog@npm:9.0.2"
  dependencies:
    "@babel/runtime": ^7.10.1
    "@rc-component/portal": ^1.0.0-8
    classnames: ^2.2.6
    rc-motion: ^2.3.0
    rc-util: ^5.21.0
  peerDependencies:
    react: ">=16.9.0"
    react-dom: ">=16.9.0"
  checksum: 470953c33123c984d7c18685435f08fb7cc4111fdbd01f032a8b111e1b0c06b2a9edcc26bc6895e1a426529e8c2842d6f79441f6bfceaa9c1c273e6b56f0f16d
  languageName: node
  linkType: hard

"rc-drawer@npm:~6.1.1":
  version: 6.1.3
  resolution: "rc-drawer@npm:6.1.3"
  dependencies:
    "@babel/runtime": ^7.10.1
    "@rc-component/portal": ^1.0.0-6
    classnames: ^2.2.6
    rc-motion: ^2.6.1
    rc-util: ^5.21.2
  peerDependencies:
    react: ">=16.9.0"
    react-dom: ">=16.9.0"
  checksum: 09fa3085312f668b27e0a8acae7f560a7d45ad52e4554020a6d3801352331b1173b20f57d32f876cfc1b359bd3088190e90bd7815619144d6d50b83c4ab44196
  languageName: node
  linkType: hard

"rc-dropdown@npm:~4.0.0":
  version: 4.0.1
  resolution: "rc-dropdown@npm:4.0.1"
  dependencies:
    "@babel/runtime": ^7.18.3
    classnames: ^2.2.6
    rc-trigger: ^5.3.1
    rc-util: ^5.17.0
  peerDependencies:
    react: ">=16.11.0"
    react-dom: ">=16.11.0"
  checksum: 12d16fc49dbab3f548ba1674b12cf688f58bcb73932285354a506b2f443aa58dc09cad3e07edb5d8de8e659c91b985022eef0734f233b76261af1b17a61ce619
  languageName: node
  linkType: hard

"rc-field-form@npm:~1.27.0":
  version: 1.27.4
  resolution: "rc-field-form@npm:1.27.4"
  dependencies:
    "@babel/runtime": ^7.18.0
    async-validator: ^4.1.0
    rc-util: ^5.8.0
  peerDependencies:
    react: ">=16.9.0"
    react-dom: ">=16.9.0"
  checksum: 51873f9ffa94d4b10d04d191adfd35bc3b2f9b8abf70ff07ae648a9965fb97b70e501c05500ebae770d1ba443d5a2c46f4da041ce988d337ff0cabda2656e35e
  languageName: node
  linkType: hard

"rc-image@npm:~5.15.2":
  version: 5.15.2
  resolution: "rc-image@npm:5.15.2"
  dependencies:
    "@babel/runtime": ^7.11.2
    "@rc-component/portal": ^1.0.2
    classnames: ^2.2.6
    rc-dialog: ~9.0.0
    rc-motion: ^2.6.2
    rc-util: ^5.0.6
  peerDependencies:
    react: ">=16.9.0"
    react-dom: ">=16.9.0"
  checksum: 8c8e49da5920be2cf984b18562b83c147e17543c21cf7138cbba110c8bf7554841317edb33a2a36a0145a1168dfffcf14a320c0ba80bc8efec4c4dc4dd6a86ae
  languageName: node
  linkType: hard

"rc-input-number@npm:~7.4.0":
  version: 7.4.2
  resolution: "rc-input-number@npm:7.4.2"
  dependencies:
    "@babel/runtime": ^7.10.1
    "@rc-component/mini-decimal": ^1.0.1
    classnames: ^2.2.5
    rc-util: ^5.28.0
  peerDependencies:
    react: ">=16.9.0"
    react-dom: ">=16.9.0"
  checksum: 36a2b03902f96ec56b66588294b61cf48656e9004dad4ee92ae577d3c329400a2b5bf1f9f8830812b3ca860cf2971fdf340dbf587993740db3c97146c6446662
  languageName: node
  linkType: hard

"rc-input@npm:^0.2.1, rc-input@npm:^0.2.2, rc-input@npm:~0.2.1":
  version: 0.2.2
  resolution: "rc-input@npm:0.2.2"
  dependencies:
    "@babel/runtime": ^7.11.1
    classnames: ^2.2.1
    rc-util: ^5.18.1
  peerDependencies:
    react: ">=16.0.0"
    react-dom: ">=16.0.0"
  checksum: a1d26a88146f40df70f759688187433c0a43d32ac33abfe9ee598c9290a2a41a41538deb0fdc87de45438bdfb4fbb9b15c4039b61f937d336379d5b67a61bcc2
  languageName: node
  linkType: hard

"rc-mentions@npm:~2.0.0":
  version: 2.0.0
  resolution: "rc-mentions@npm:2.0.0"
  dependencies:
    "@babel/runtime": ^7.10.1
    classnames: ^2.2.6
    rc-input: ^0.2.2
    rc-menu: ~9.8.0
    rc-textarea: ^1.0.0
    rc-trigger: ^5.0.4
    rc-util: ^5.22.5
  peerDependencies:
    react: ">=16.9.0"
    react-dom: ">=16.9.0"
  checksum: db88f5edf3434cc3b683660eee734be40fad5b691501caeecb47e5c499ee0371eeb2833f717c558c245a4c0dfabee7fdb94cda9dc14a43b1b25b4e63c6081bdc
  languageName: node
  linkType: hard

"rc-menu@npm:~9.8.0, rc-menu@npm:~9.8.2":
  version: 9.8.2
  resolution: "rc-menu@npm:9.8.2"
  dependencies:
    "@babel/runtime": ^7.10.1
    classnames: 2.x
    rc-motion: ^2.4.3
    rc-overflow: ^1.2.8
    rc-trigger: ^5.1.2
    rc-util: ^5.27.0
  peerDependencies:
    react: ">=16.9.0"
    react-dom: ">=16.9.0"
  checksum: cd8513fe329802e627785133784954e2745afde7cd4507dfcd7cdde933b087f93d9acb478b3e02a5cc30228ef7611002a269c9a64bfa5228b74eba63d3d37a05
  languageName: node
  linkType: hard

"rc-motion@npm:^2.0.0, rc-motion@npm:^2.0.1, rc-motion@npm:^2.3.0, rc-motion@npm:^2.3.4, rc-motion@npm:^2.4.3, rc-motion@npm:^2.4.4, rc-motion@npm:^2.6.0, rc-motion@npm:^2.6.1, rc-motion@npm:^2.6.2":
  version: 2.6.3
  resolution: "rc-motion@npm:2.6.3"
  dependencies:
    "@babel/runtime": ^7.11.1
    classnames: ^2.2.1
    rc-util: ^5.21.0
  peerDependencies:
    react: ">=16.9.0"
    react-dom: ">=16.9.0"
  checksum: 5148728572d70d827785d5dc72c8e4e387964193e72ae3fc3bb28ce44194e2ee64aaed1cd1697038c09fb9b1acc38c9ea98731818c6821acb2a5af1e03a9cf73
  languageName: node
  linkType: hard

"rc-notification@npm:~5.0.0":
  version: 5.0.3
  resolution: "rc-notification@npm:5.0.3"
  dependencies:
    "@babel/runtime": ^7.10.1
    classnames: 2.x
    rc-motion: ^2.6.0
    rc-util: ^5.20.1
  peerDependencies:
    react: ">=16.9.0"
    react-dom: ">=16.9.0"
  checksum: f226bd05d2f4ca1beba51fc1b7b6ffdf3cdf76ad1036a52e351f066acd521fb20693fea533a9f3773cfa7e0e403a70286dd96ce0eec65d6171e2669e1fd291ad
  languageName: node
  linkType: hard

"rc-overflow@npm:^1.0.0, rc-overflow@npm:^1.2.8":
  version: 1.2.8
  resolution: "rc-overflow@npm:1.2.8"
  dependencies:
    "@babel/runtime": ^7.11.1
    classnames: ^2.2.1
    rc-resize-observer: ^1.0.0
    rc-util: ^5.19.2
  peerDependencies:
    react: ">=16.9.0"
    react-dom: ">=16.9.0"
  checksum: f6df4d1f2baff7391b0ca981fe0f75aba975b1214dc15eba2ee07e4d0b02f19d89a7ac26d6da580cc90b758a8dc07fc69c7599297f38be91cb2d9b387816d3ce
  languageName: node
  linkType: hard

"rc-pagination@npm:~3.2.0":
  version: 3.2.0
  resolution: "rc-pagination@npm:3.2.0"
  dependencies:
    "@babel/runtime": ^7.10.1
    classnames: ^2.2.1
  peerDependencies:
    react: ">=16.9.0"
    react-dom: ">=16.9.0"
  checksum: deca480696346bbe729945e19fca2b1b50defebd9251ddcc821cc0aa6f58383e9f6fcc7fe4571f48299ba74f30a370687cc099e44e77e2d3d43d4b2d845f91e5
  languageName: node
  linkType: hard

"rc-picker@npm:~3.2.4":
  version: 3.2.4
  resolution: "rc-picker@npm:3.2.4"
  dependencies:
    "@babel/runtime": ^7.10.1
    classnames: ^2.2.1
    rc-trigger: ^5.0.4
    rc-util: ^5.27.0
  peerDependencies:
    date-fns: ">= 2.x"
    dayjs: ">= 1.x"
    moment: ">= 2.x"
    react: ">=16.9.0"
    react-dom: ">=16.9.0"
  peerDependenciesMeta:
    date-fns:
      optional: true
    dayjs:
      optional: true
    moment:
      optional: true
  checksum: fa69f6ab19ca37aaed791ed40f8e5d0d9ad8436b64939c0730521db5a4a2fedf3f859f4f01e50f22fe9cef0bf1abfcdb6324d26832c15b011bc0dda6eca9a359
  languageName: node
  linkType: hard

"rc-progress@npm:~3.4.1":
  version: 3.4.1
  resolution: "rc-progress@npm:3.4.1"
  dependencies:
    "@babel/runtime": ^7.10.1
    classnames: ^2.2.6
    rc-util: ^5.16.1
  peerDependencies:
    react: ">=16.9.0"
    react-dom: ">=16.9.0"
  checksum: d4dce5231ea29bfa866935a59f05473711f9dfc944f95cc78b0fdcd1508a063983cc58973f54c2b20797f0b0f480c4a2b84aaa2ca185158c14800ec659163880
  languageName: node
  linkType: hard

"rc-rate@npm:~2.9.0":
  version: 2.9.2
  resolution: "rc-rate@npm:2.9.2"
  dependencies:
    "@babel/runtime": ^7.10.1
    classnames: ^2.2.5
    rc-util: ^5.0.1
  peerDependencies:
    react: ">=16.9.0"
    react-dom: ">=16.9.0"
  checksum: 5a7528e4b4245a5090c78eeb248bb8af90843fb6e88105236c3e6b6c6a204c526f87969ee78129c9b7afe9612c69c8a85652714f53b14f9cf5933fda81b8f8fb
  languageName: node
  linkType: hard

"rc-resize-observer@npm:^1.0.0, rc-resize-observer@npm:^1.1.0, rc-resize-observer@npm:^1.2.0, rc-resize-observer@npm:^1.3.1":
  version: 1.3.1
  resolution: "rc-resize-observer@npm:1.3.1"
  dependencies:
    "@babel/runtime": ^7.20.7
    classnames: ^2.2.1
    rc-util: ^5.27.0
    resize-observer-polyfill: ^1.5.1
  peerDependencies:
    react: ">=16.9.0"
    react-dom: ">=16.9.0"
  checksum: cc952e5d3071543e990103ea64b20310e3a09c950a473bf89a3a7e6063bd060c6c041f0333085640676d176c7edd58676a3b3d64dfa17461ea6f3a62f79c4d65
  languageName: node
  linkType: hard

"rc-segmented@npm:~2.1.2":
  version: 2.1.2
  resolution: "rc-segmented@npm:2.1.2"
  dependencies:
    "@babel/runtime": ^7.11.1
    classnames: ^2.2.1
    rc-motion: ^2.4.4
    rc-util: ^5.17.0
  peerDependencies:
    react: ">=16.0.0"
    react-dom: ">=16.0.0"
  checksum: 9ebba682e70b480cacea79985b6c3fcd024d564a3105a9d48c6a0481a87002f8382987195014ce00e37d455e84dbd0def05d24e3671a52bd89aeeec43c82a91a
  languageName: node
  linkType: hard

"rc-select@npm:~14.3.0":
  version: 14.3.0
  resolution: "rc-select@npm:14.3.0"
  dependencies:
    "@babel/runtime": ^7.10.1
    "@rc-component/trigger": ^1.4.0
    classnames: 2.x
    rc-motion: ^2.0.1
    rc-overflow: ^1.0.0
    rc-util: ^5.16.1
    rc-virtual-list: ^3.4.13
  peerDependencies:
    react: "*"
    react-dom: "*"
  checksum: ab7dd030de7c4bbfeefafdd81b47f7c3c5510dc7ae2ab797dd3882a32ec9fcecdfa852a178bbeccffdcaf35414e187456187d7677794fb68ce009b0d53c8c018
  languageName: node
  linkType: hard

"rc-slider@npm:~10.1.0":
  version: 10.1.1
  resolution: "rc-slider@npm:10.1.1"
  dependencies:
    "@babel/runtime": ^7.10.1
    classnames: ^2.2.5
    rc-util: ^5.27.0
  peerDependencies:
    react: ">=16.9.0"
    react-dom: ">=16.9.0"
  checksum: 8df66142f1be00d31aaa45f3cf266fa30d03b70c74c734502389bbfacdb6741e149cd36dc1d3557d9dbb0194ed2733748366d888651d1120098338086419ba2c
  languageName: node
  linkType: hard

"rc-steps@npm:~6.0.0":
  version: 6.0.0
  resolution: "rc-steps@npm:6.0.0"
  dependencies:
    "@babel/runtime": ^7.16.7
    classnames: ^2.2.3
    rc-util: ^5.16.1
  peerDependencies:
    react: ">=16.9.0"
    react-dom: ">=16.9.0"
  checksum: 22cec1477fdd7c92e480d980c88ba8175e897e4dcd06c6c11fcdb8175ebede19b9367d8d62d1ee21ec5dfd9d8ab7724c3665582a51dde86c36ecdc810550bb1b
  languageName: node
  linkType: hard

"rc-switch@npm:~4.0.0":
  version: 4.0.0
  resolution: "rc-switch@npm:4.0.0"
  dependencies:
    "@babel/runtime": ^7.10.1
    classnames: ^2.2.1
    rc-util: ^5.0.1
  peerDependencies:
    react: ">=16.9.0"
    react-dom: ">=16.9.0"
  checksum: 9a77ccdc76c956876e911173fdaf10f1c7ea3b713632a3919e4dcf4faff1626c0f782772eaf2c74a1ed81f6adadc6df9c5febdd5de872eea62db2d6fff7d6956
  languageName: node
  linkType: hard

"rc-table@npm:~7.31.0":
  version: 7.31.0
  resolution: "rc-table@npm:7.31.0"
  dependencies:
    "@babel/runtime": ^7.10.1
    "@rc-component/context": ^1.3.0
    classnames: ^2.2.5
    rc-resize-observer: ^1.1.0
    rc-util: ^5.27.1
  peerDependencies:
    react: ">=16.9.0"
    react-dom: ">=16.9.0"
  checksum: 99980c493190d028b6b01529362d4ea0a5830e42ed763afcc3fca3acf84fbf612dd1b9da2c5b2c9bcbf795a06b928ffaec69e0bc2e0eba620570bc2d4adcb6ab
  languageName: node
  linkType: hard

"rc-tabs@npm:~12.5.6":
  version: 12.5.10
  resolution: "rc-tabs@npm:12.5.10"
  dependencies:
    "@babel/runtime": ^7.11.2
    classnames: 2.x
    rc-dropdown: ~4.0.0
    rc-menu: ~9.8.0
    rc-motion: ^2.6.2
    rc-resize-observer: ^1.0.0
    rc-util: ^5.16.0
  peerDependencies:
    react: ">=16.9.0"
    react-dom: ">=16.9.0"
  checksum: 0b26b61ce96f525c2d4c74b89561997176b8673c842d28f542cbc056cc26ee16953ea34d9a591b599872717a342ffbdded4e6115d95bcfe1ec594048fe669d31
  languageName: node
  linkType: hard

"rc-textarea@npm:^1.0.0, rc-textarea@npm:~1.0.0":
  version: 1.0.1
  resolution: "rc-textarea@npm:1.0.1"
  dependencies:
    "@babel/runtime": ^7.10.1
    classnames: ^2.2.1
    rc-input: ^0.2.1
    rc-resize-observer: ^1.0.0
    rc-util: ^5.27.0
  peerDependencies:
    react: ">=16.9.0"
    react-dom: ">=16.9.0"
  checksum: bc21ff8aaef9e93760aafdde5f24a052c67d37771aca915e96454477aae61c1742591acd1466b35c3ed516ffffef7f5b20a6c945119fa0bae1914177c8fce816
  languageName: node
  linkType: hard

"rc-tooltip@npm:~6.0.0":
  version: 6.0.1
  resolution: "rc-tooltip@npm:6.0.1"
  dependencies:
    "@babel/runtime": ^7.11.2
    "@rc-component/trigger": ^1.0.4
    classnames: ^2.3.1
  peerDependencies:
    react: ">=16.9.0"
    react-dom: ">=16.9.0"
  checksum: fe7f617a4f4e0085d8f5eb5e8da5598f0164841c841f62f77966706ae604491246441a469aeb44f1dec7001bb4716ee81d11ec646e8889f4164fcba3a024eea5
  languageName: node
  linkType: hard

"rc-tree-select@npm:~5.7.0":
  version: 5.7.0
  resolution: "rc-tree-select@npm:5.7.0"
  dependencies:
    "@babel/runtime": ^7.10.1
    classnames: 2.x
    rc-select: ~14.3.0
    rc-tree: ~5.7.0
    rc-util: ^5.16.1
  peerDependencies:
    react: "*"
    react-dom: "*"
  checksum: 30ea1c6b826b6860e7e1062fe5e64b53f22ac86fa883cccb31b0ed73b2f5cb4fdf0b23188ea51b0c223d0d3819a9aca5cd013be4a4b520b3e8a5af10ab457e70
  languageName: node
  linkType: hard

"rc-tree@npm:~5.7.0":
  version: 5.7.2
  resolution: "rc-tree@npm:5.7.2"
  dependencies:
    "@babel/runtime": ^7.10.1
    classnames: 2.x
    rc-motion: ^2.0.1
    rc-util: ^5.16.1
    rc-virtual-list: ^3.4.8
  peerDependencies:
    react: "*"
    react-dom: "*"
  checksum: 9b465e1937fdd59987d2e69587b10c3d1415072ed6cd8e953d8975c4d31ddfa3f963d6d824b6d5017bd3a4331d9a0af029886a484af70a861ddda02dcfcb964c
  languageName: node
  linkType: hard

"rc-trigger@npm:^5.0.4, rc-trigger@npm:^5.1.2, rc-trigger@npm:^5.3.1, rc-trigger@npm:^5.3.4":
  version: 5.3.4
  resolution: "rc-trigger@npm:5.3.4"
  dependencies:
    "@babel/runtime": ^7.18.3
    classnames: ^2.2.6
    rc-align: ^4.0.0
    rc-motion: ^2.0.0
    rc-util: ^5.19.2
  peerDependencies:
    react: ">=16.9.0"
    react-dom: ">=16.9.0"
  checksum: 6ca7694a4cf064040b5e0fd9b4629b0e0a19ebb29c4eb5614ee9eb22b4193e21909171fd95e48be73a94e44f249cb9616d7670b696164620b722d3de6f280017
  languageName: node
  linkType: hard

"rc-upload@npm:~4.3.0":
  version: 4.3.4
  resolution: "rc-upload@npm:4.3.4"
  dependencies:
    "@babel/runtime": ^7.18.3
    classnames: ^2.2.5
    rc-util: ^5.2.0
  peerDependencies:
    react: ">=16.9.0"
    react-dom: ">=16.9.0"
  checksum: 59ddf31a58ce716d1ace506b1c3e36744895c24c683a17185517dab68dfbb1cf158f57ce14a8f0899e85b2924bfa0d82587771939225ea21a41b907f91779afa
  languageName: node
  linkType: hard

"rc-util@npm:^5.0.1, rc-util@npm:^5.0.6, rc-util@npm:^5.15.0, rc-util@npm:^5.16.0, rc-util@npm:^5.16.1, rc-util@npm:^5.17.0, rc-util@npm:^5.18.1, rc-util@npm:^5.19.2, rc-util@npm:^5.2.0, rc-util@npm:^5.20.1, rc-util@npm:^5.21.0, rc-util@npm:^5.21.2, rc-util@npm:^5.22.5, rc-util@npm:^5.24.4, rc-util@npm:^5.26.0, rc-util@npm:^5.27.0, rc-util@npm:^5.27.1, rc-util@npm:^5.28.0, rc-util@npm:^5.6.1, rc-util@npm:^5.8.0, rc-util@npm:^5.9.4":
  version: 5.28.0
  resolution: "rc-util@npm:5.28.0"
  dependencies:
    "@babel/runtime": ^7.18.3
    react-is: ^16.12.0
  peerDependencies:
    react: ">=16.9.0"
    react-dom: ">=16.9.0"
  checksum: e60424c37dad7575bb2429e266a81f96003701d719d1fb40128b42ed1c6972896cec09ece8857b36ce9ac74ba95aa2d0a9bdc0609894ba1b3c12c15504a1a886
  languageName: node
  linkType: hard

"rc-virtual-list@npm:^3.4.13, rc-virtual-list@npm:^3.4.8":
  version: 3.4.13
  resolution: "rc-virtual-list@npm:3.4.13"
  dependencies:
    "@babel/runtime": ^7.20.0
    classnames: ^2.2.6
    rc-resize-observer: ^1.0.0
    rc-util: ^5.15.0
  peerDependencies:
    react: "*"
    react-dom: "*"
  checksum: 590baca20aa209bdc7038c4cdbedef78100e8f8762966b8ae556d0c7154ce8a4f26737a5bd59580ee1ed446c79a8eb627e3fb003e1ee0de38f1bb9a7b3cd7e78
  languageName: node
  linkType: hard

"react-dom@npm:^18.2.0":
  version: 18.2.0
  resolution: "react-dom@npm:18.2.0"
  dependencies:
    loose-envify: ^1.1.0
    scheduler: ^0.23.0
  peerDependencies:
    react: ^18.2.0
  checksum: 7d323310bea3a91be2965f9468d552f201b1c27891e45ddc2d6b8f717680c95a75ae0bc1e3f5cf41472446a2589a75aed4483aee8169287909fcd59ad149e8cc
  languageName: node
  linkType: hard

"react-is@npm:^16.12.0":
  version: 16.13.1
  resolution: "react-is@npm:16.13.1"
  checksum: f7a19ac3496de32ca9ae12aa030f00f14a3d45374f1ceca0af707c831b2a6098ef0d6bdae51bd437b0a306d7f01d4677fcc8de7c0d331eb47ad0f46130e53c5f
  languageName: node
  linkType: hard

"react-wk1@workspace:.":
  version: 0.0.0-use.local
  resolution: "react-wk1@workspace:."
  dependencies:
    antd: ^5.3.0
    bootstrap: ^5.2.3
    react: ^18.2.0
    react-dom: ^18.2.0
  languageName: unknown
  linkType: soft

"react@npm:^18.2.0":
  version: 18.2.0
  resolution: "react@npm:18.2.0"
  dependencies:
    loose-envify: ^1.1.0
  checksum: 88e38092da8839b830cda6feef2e8505dec8ace60579e46aa5490fc3dc9bba0bd50336507dc166f43e3afc1c42939c09fe33b25fae889d6f402721dcd78fca1b
  languageName: node
  linkType: hard

"regenerator-runtime@npm:^0.13.11":
  version: 0.13.11
  resolution: "regenerator-runtime@npm:0.13.11"
  checksum: 27481628d22a1c4e3ff551096a683b424242a216fee44685467307f14d58020af1e19660bf2e26064de946bad7eff28950eae9f8209d55723e2d9351e632bbb4
  languageName: node
  linkType: hard

"resize-observer-polyfill@npm:^1.5.1":
  version: 1.5.1
  resolution: "resize-observer-polyfill@npm:1.5.1"
  checksum: 57e7f79489867b00ba43c9c051524a5c8f162a61d5547e99333549afc23e15c44fd43f2f318ea0261ea98c0eb3158cca261e6f48d66e1ed1cd1f340a43977094
  languageName: node
  linkType: hard

"scheduler@npm:^0.23.0":
  version: 0.23.0
  resolution: "scheduler@npm:0.23.0"
  dependencies:
    loose-envify: ^1.1.0
  checksum: d79192eeaa12abef860c195ea45d37cbf2bbf5f66e3c4dcd16f54a7da53b17788a70d109ee3d3dde1a0fd50e6a8fc171f4300356c5aee4fc0171de526bf35f8a
  languageName: node
  linkType: hard

"scroll-into-view-if-needed@npm:^3.0.3":
  version: 3.0.6
  resolution: "scroll-into-view-if-needed@npm:3.0.6"
  dependencies:
    compute-scroll-into-view: ^3.0.0
  checksum: fb3a62748f44bc14ee5f6986e6c3fd1a571811ff14e894f5ff1045247cfd9bf94ebd2038319971a8657bdd4c70a165e523ec1a0b90f74ded175a77035ff2d109
  languageName: node
  linkType: hard

"string-convert@npm:^0.2.0":
  version: 0.2.1
  resolution: "string-convert@npm:0.2.1"
  checksum: 1098b1d8e3712c72d0a0b0b7f5c36c98af93e7660b5f0f14019e41bcefe55bfa79214d5e03e74d98a7334a0b9bf2b7f4c6889c8c24801aa2ae2f9ebe1d8a1ef9
  languageName: node
  linkType: hard

"stylis@npm:^4.0.13":
  version: 4.1.3
  resolution: "stylis@npm:4.1.3"
  checksum: d04dbffcb9bf2c5ca8d8dc09534203c75df3bf711d33973ea22038a99cc475412a350b661ebd99cbc01daa50d7eedcf0d130d121800eb7318759a197023442a6
  languageName: node
  linkType: hard

"throttle-debounce@npm:^5.0.0":
  version: 5.0.0
  resolution: "throttle-debounce@npm:5.0.0"
  checksum: aa8bf25828b4f8645ce863589de05d6807ea3debc147ce7d89624638ff8a16792d6d0baa0f8a32a260f0b163444d74020c6087b713ae561fde594b97b6e51f28
  languageName: node
  linkType: hard

"toggle-selection@npm:^1.0.6":
  version: 1.0.6
  resolution: "toggle-selection@npm:1.0.6"
  checksum: a90dc80ed1e7b18db8f4e16e86a5574f87632dc729cfc07d9ea3ced50021ad42bb4e08f22c0913e0b98e3837b0b717e0a51613c65f30418e21eb99da6556a74c
  languageName: node
  linkType: hard
